<?xml version="1.0" encoding="utf-8"?>
<Project ToolsVersion="4.0" xmlns="http://schemas.microsoft.com/developer/msbuild/2003">
  <ItemGroup>
    <Filter Include="Source Files">
      <UniqueIdentifier>{4FC737F1-C7A5-4376-A066-2A32D752A2FF}</UniqueIdentifier>
      <Extensions>cpp;c;cc;cxx;c++;cppm;ixx;def;odl;idl;hpj;bat;asm;asmx</Extensions>
    </Filter>
    <Filter Include="Header Files">
      <UniqueIdentifier>{93995380-89BD-4b04-88EB-625FBE52EBFB}</UniqueIdentifier>
      <Extensions>h;hh;hpp;hxx;h++;hm;inl;inc;ipp;xsd</Extensions>
    </Filter>
    <Filter Include="shaders">
      <UniqueIdentifier>{cd759118-a87f-4072-a1fa-df3803dbf97c}</UniqueIdentifier>
    </Filter>
  </ItemGroup>
  <ItemGroup>
    <ClCompile Include="main.cpp">
      <Filter>Source Files</Filter>
    </ClCompile>
    <ClCompile Include="app.cpp">
      <Filter>Source Files</Filter>
    </ClCompile>
    <ClCompile Include="Graphics\view\vkUtil\memory.cpp">
      <Filter>Source Files</Filter>
    </ClCompile>
    <ClCompile Include="Graphics\model\vertex_menagerie.cpp">
      <Filter>Source Files</Filter>
    </ClCompile>
    <ClCompile Include="Graphics\control\logger.cpp">
      <Filter>Source Files</Filter>
    </ClCompile>
    <ClCompile Include="Physics\physics_engine.cpp">
      <Filter>Source Files</Filter>
    </ClCompile>
    <ClCompile Include="Graphics\view\vkImage\image.cpp">
      <Filter>Source Files</Filter>
    </ClCompile>
    <ClCompile Include="Graphics\view\vkUtil\single_time_commands.cpp">
      <Filter>Source Files</Filter>
    </ClCompile>
    <ClCompile Include="Graphics\view\vkInit\descriptors.cpp">
      <Filter>Source Files</Filter>
    </ClCompile>
    <ClCompile Include="Graphics\view\vkUtil\frame.cpp">
      <Filter>Source Files</Filter>
    </ClCompile>
    <ClCompile Include="Graphics\view\vkInit\pipeline.cpp">
      <Filter>Source Files</Filter>
    </ClCompile>
    <ClCompile Include="Graphics\view\vkImage\texture.cpp">
      <Filter>Source Files</Filter>
    </ClCompile>
    <ClCompile Include="Graphics\view\vkImage\cubemap.cpp">
      <Filter>Source Files</Filter>
    </ClCompile>
    <ClCompile Include="Graphics\view\vkUtil\shaders.cpp">
      <Filter>Source Files</Filter>
    </ClCompile>
    <ClCompile Include="Graphics\view\vkJob\job.cpp">
      <Filter>Source Files</Filter>
    </ClCompile>
    <ClCompile Include="Graphics\view\vkJob\worker_thread.cpp">
      <Filter>Source Files</Filter>
    </ClCompile>
    <ClCompile Include="Game\camera.cpp">
      <Filter>Source Files</Filter>
    </ClCompile>
    <ClCompile Include="Graphics\view\graphics_engine.cpp">
      <Filter>Source Files</Filter>
    </ClCompile>
    <ClCompile Include="Game\scene.cpp">
      <Filter>Source Files</Filter>
    </ClCompile>
    <ClCompile Include="Physics\body.cpp">
      <Filter>Source Files</Filter>
    </ClCompile>
    <ClCompile Include="Graphics\view\vkMesh\mtl_loader.cpp">
      <Filter>Source Files</Filter>
    </ClCompile>
    <ClCompile Include="Graphics\view\vkMesh\fbx_loader.cpp">
      <Filter>Source Files</Filter>
    </ClCompile>
    <ClCompile Include="Graphics\view\vkMesh\obj_loader.cpp">
      <Filter>Source Files</Filter>
    </ClCompile>
    <ClCompile Include="Game\util\tree.cpp">
      <Filter>Source Files</Filter>
    </ClCompile>
    <ClCompile Include="Game\util\node.cpp">
      <Filter>Source Files</Filter>
    </ClCompile>
    <ClCompile Include="Game\follower_camera.cpp">
      <Filter>Source Files</Filter>
    </ClCompile>
  </ItemGroup>
  <ItemGroup>
    <ClInclude Include="Graphics\view\graphics_engine.h">
      <Filter>Header Files</Filter>
    </ClInclude>
    <ClInclude Include="cfg.h">
      <Filter>Header Files</Filter>
    </ClInclude>
    <ClInclude Include="Graphics\view\vkInit\instance.h">
      <Filter>Header Files</Filter>
    </ClInclude>
    <ClInclude Include="Graphics\control\logging.h">
      <Filter>Header Files</Filter>
    </ClInclude>
    <ClInclude Include="Graphics\view\vkInit\device.h">
      <Filter>Header Files</Filter>
    </ClInclude>
    <ClInclude Include="Graphics\view\vkInit\swapchain.h">
      <Filter>Header Files</Filter>
    </ClInclude>
    <ClInclude Include="Graphics\view\vkUtil\queue_families.h">
      <Filter>Header Files</Filter>
    </ClInclude>
    <ClInclude Include="Graphics\view\vkUtil\frame.h">
      <Filter>Header Files</Filter>
    </ClInclude>
    <ClInclude Include="Graphics\view\vkUtil\shaders.h">
      <Filter>Header Files</Filter>
    </ClInclude>
    <ClInclude Include="Graphics\view\vkInit\framebuffer.h">
      <Filter>Header Files</Filter>
    </ClInclude>
    <ClInclude Include="Graphics\view\vkInit\sync.h">
      <Filter>Header Files</Filter>
    </ClInclude>
    <ClInclude Include="Graphics\view\vkInit\pipeline.h">
      <Filter>Header Files</Filter>
    </ClInclude>
    <ClInclude Include="Graphics\view\vkInit\commands.h">
      <Filter>Header Files</Filter>
    </ClInclude>
    <ClInclude Include="app.h">
      <Filter>Header Files</Filter>
    </ClInclude>
    <ClInclude Include="Graphics\view\vkUtil\render_structs.h">
      <Filter>Header Files</Filter>
    </ClInclude>
    <ClInclude Include="Graphics\view\vkMesh\mesh.h">
      <Filter>Header Files</Filter>
    </ClInclude>
    <ClInclude Include="Graphics\view\vkUtil\memory.h">
      <Filter>Header Files</Filter>
    </ClInclude>
    <ClInclude Include="Graphics\model\vertex_menagerie.h">
      <Filter>Header Files</Filter>
    </ClInclude>
    <ClInclude Include="Physics\physics_engine.h">
      <Filter>Header Files</Filter>
    </ClInclude>
    <ClInclude Include="Physics\body.h">
      <Filter>Header Files</Filter>
    </ClInclude>
    <ClInclude Include="Physics\constants.h">
      <Filter>Header Files</Filter>
    </ClInclude>
    <ClInclude Include="Graphics\view\vkInit\descriptors.h">
      <Filter>Header Files</Filter>
    </ClInclude>
    <ClInclude Include="Graphics\view\vkImage\image.h">
      <Filter>Header Files</Filter>
    </ClInclude>
    <ClInclude Include="Graphics\view\vkImage\stb_image.h">
      <Filter>Header Files</Filter>
    </ClInclude>
    <ClInclude Include="Graphics\view\vkUtil\single_time_commands.h">
      <Filter>Header Files</Filter>
    </ClInclude>
    <ClInclude Include="Graphics\view\vkImage\texture.h">
      <Filter>Header Files</Filter>
    </ClInclude>
    <ClInclude Include="Graphics\view\vkImage\cubemap.h">
      <Filter>Header Files</Filter>
    </ClInclude>
    <ClInclude Include="Graphics\view\vkJob\job.h">
      <Filter>Header Files</Filter>
    </ClInclude>
    <ClInclude Include="Graphics\view\vkJob\worker_thread.h">
      <Filter>Header Files</Filter>
    </ClInclude>
    <ClInclude Include="Game\camera.h">
      <Filter>Header Files</Filter>
    </ClInclude>
    <ClInclude Include="Game\scene.h">
      <Filter>Header Files</Filter>
    </ClInclude>
    <ClInclude Include="Physics\collider.h">
      <Filter>Header Files</Filter>
    </ClInclude>
    <ClInclude Include="Physics\quaternion.h">
      <Filter>Header Files</Filter>
    </ClInclude>
    <ClInclude Include="Game\util\file_loader.h">
      <Filter>Header Files</Filter>
    </ClInclude>
    <ClInclude Include="Graphics\view\vkMesh\mesh_loader.h">
      <Filter>Header Files</Filter>
    </ClInclude>
    <ClInclude Include="Game\util\tree.h">
      <Filter>Header Files</Filter>
    </ClInclude>
    <ClInclude Include="Graphics\view\vkMesh\mtl_loader.h">
      <Filter>Header Files</Filter>
    </ClInclude>
    <ClInclude Include="Graphics\view\vkMesh\fbx_loader.h">
      <Filter>Header Files</Filter>
    </ClInclude>
    <ClInclude Include="Graphics\view\vkMesh\obj_loader.h">
      <Filter>Header Files</Filter>
    </ClInclude>
    <ClInclude Include="Game\console\logging.h">
      <Filter>Header Files</Filter>
    </ClInclude>
    <ClInclude Include="Game\util\node.h">
      <Filter>Header Files</Filter>
    </ClInclude>
    <ClInclude Include="Game\entity.h">
      <Filter>Header Files</Filter>
    </ClInclude>
    <ClInclude Include="Game\controller.h">
      <Filter>Header Files</Filter>
    </ClInclude>
    <ClInclude Include="Game\player_controller.h">
      <Filter>Header Files</Filter>
    </ClInclude>
    <ClInclude Include="Game\follower_camera.h">
      <Filter>Header Files</Filter>
    </ClInclude>
  </ItemGroup>
  <ItemGroup>
    <None Include="Graphics\shaders\fragment.spv">
      <Filter>shaders</Filter>
    </None>
    <None Include="Graphics\shaders\shader.frag">
      <Filter>shaders</Filter>
    </None>
    <None Include="Graphics\shaders\shader.vert">
      <Filter>shaders</Filter>
    </None>
    <None Include="Graphics\shaders\shader_compile.bat">
      <Filter>shaders</Filter>
    </None>
    <None Include="Graphics\shaders\vertex.spv">
      <Filter>shaders</Filter>
    </None>
    <None Include="Graphics\shaders\sky_shader.vert" />
    <None Include="Graphics\shaders\sky_shader.frag" />
    <None Include="assets\scenes\fbx.scene" />
    <None Include="assets\models\cube.mtl" />
    <None Include="assets\models\abom.fbx" />
  </ItemGroup>
  <ItemGroup>
    <Object Include="assets\models\sphere.obj" />
    <Object Include="assets\models\cube.obj" />
  </ItemGroup>
  <ItemGroup>
    <Text Include="LICENSE.txt" />
  </ItemGroup>
</Project>